{
  "requires": true,
  "lockfileVersion": 1,
  "dependencies": {
    "set-cookie-parser": {
      "version": "2.3.5",
      "resolved": "https://registry.npm.taobao.org/set-cookie-parser/download/set-cookie-parser-2.3.5.tgz",
      "integrity": "sha1-4sFsk/Bj3uJIbF1I4mYhrXX9O6s="
    },
    "weapp-cookie": {
      "version": "1.3.6",
      "resolved": "https://registry.npm.taobao.org/weapp-cookie/download/weapp-cookie-1.3.6.tgz",
      "integrity": "sha1-Nu9kmRmtVsm2Omruf6pnaz0l5T4=",
      "requires": {
        "set-cookie-parser": "^2.3.5"
      }
    }
  }
}
